<?xml version="1.0" encoding="utf-8"?>
<Project ToolsVersion="4.0" xmlns="http://schemas.microsoft.com/developer/msbuild/2003">
  <ItemGroup>
    <Filter Include="Source Files">
      <UniqueIdentifier>{4FC737F1-C7A5-4376-A066-2A32D752A2FF}</UniqueIdentifier>
      <Extensions>cpp;c;cc;cxx;c++;cppm;ixx;def;odl;idl;hpj;bat;asm;asmx</Extensions>
    </Filter>
    <Filter Include="Header Files">
      <UniqueIdentifier>{93995380-89BD-4b04-88EB-625FBE52EBFB}</UniqueIdentifier>
      <Extensions>h;hh;hpp;hxx;h++;hm;inl;inc;ipp;xsd</Extensions>
    </Filter>
    <Filter Include="Resource Files">
      <UniqueIdentifier>{67DA6AB6-F800-4c08-8B7A-83BB121AAD01}</UniqueIdentifier>
      <Extensions>rc;ico;cur;bmp;dlg;rc2;rct;bin;rgs;gif;jpg;jpeg;jpe;resx;tiff;tif;png;wav;mfcribbon-ms</Extensions>
    </Filter>
    <Filter Include="Source Files\Sorting">
      <UniqueIdentifier>{14e92075-f05b-42d6-b36b-1eba14267086}</UniqueIdentifier>
    </Filter>
    <Filter Include="Header Files\Sorting">
      <UniqueIdentifier>{1ca03979-df42-4e72-86f9-603e5e542e8e}</UniqueIdentifier>
    </Filter>
    <Filter Include="Source Files\Listing">
      <UniqueIdentifier>{4ed2a88e-66bc-422e-b164-2a6c7b324dab}</UniqueIdentifier>
    </Filter>
    <Filter Include="Header Files\Listing">
      <UniqueIdentifier>{05e87972-f08a-4db0-9163-24657d2c7b96}</UniqueIdentifier>
    </Filter>
    <Filter Include="Source Files\Recursion">
      <UniqueIdentifier>{c41ff9f4-3c76-4f42-9156-c157ab32a33a}</UniqueIdentifier>
    </Filter>
    <Filter Include="Header Files\Recursion">
      <UniqueIdentifier>{f2657a3f-c0c4-4f0c-b850-1be0dbde490a}</UniqueIdentifier>
    </Filter>
    <Filter Include="Source Files\Selection">
      <UniqueIdentifier>{93fbebc7-4b1f-4336-99b5-a0bac93b6940}</UniqueIdentifier>
    </Filter>
    <Filter Include="Header Files\Selection">
      <UniqueIdentifier>{29cd24e6-6f33-427a-a0d1-5bac4b2e8733}</UniqueIdentifier>
    </Filter>
    <Filter Include="Header Files\Trees">
      <UniqueIdentifier>{617fd317-083d-4bc8-a785-f83af984b418}</UniqueIdentifier>
    </Filter>
    <Filter Include="Source Files\Trees">
      <UniqueIdentifier>{ebe01eaf-22d7-4bfe-b2c0-9d7e11d1702a}</UniqueIdentifier>
    </Filter>
    <Filter Include="Header Files\Graph">
      <UniqueIdentifier>{b6a0274b-4f0b-4995-92ec-855d11af280a}</UniqueIdentifier>
    </Filter>
    <Filter Include="Source Files\Graph">
      <UniqueIdentifier>{bd0d7c74-2014-4ce4-8420-b6026aa96bf5}</UniqueIdentifier>
    </Filter>
  </ItemGroup>
  <ItemGroup>
    <ClCompile Include="DataStructuresWithCPP.cpp">
      <Filter>Source Files</Filter>
    </ClCompile>
    <ClCompile Include="BubbleSort.cpp">
      <Filter>Source Files\Sorting</Filter>
    </ClCompile>
    <ClCompile Include="SelectionSort.cpp">
      <Filter>Source Files\Sorting</Filter>
    </ClCompile>
    <ClCompile Include="InsertionSort.cpp">
      <Filter>Source Files\Sorting</Filter>
    </ClCompile>
    <ClCompile Include="Stack.cpp">
      <Filter>Source Files\Listing</Filter>
    </ClCompile>
    <ClCompile Include="Queue.cpp">
      <Filter>Source Files\Listing</Filter>
    </ClCompile>
    <ClCompile Include="Factorial.cpp">
      <Filter>Source Files\Recursion</Filter>
    </ClCompile>
    <ClCompile Include="Fibonacci.cpp">
      <Filter>Source Files\Recursion</Filter>
    </ClCompile>
    <ClCompile Include="DirectoryFinder.cpp">
      <Filter>Source Files\Recursion</Filter>
    </ClCompile>
    <ClCompile Include="MaxNumber.cpp">
      <Filter>Source Files\Recursion</Filter>
    </ClCompile>
    <ClCompile Include="QuickSort.cpp">
      <Filter>Source Files\Sorting</Filter>
    </ClCompile>
    <ClCompile Include="QuickSelect.cpp">
      <Filter>Source Files\Selection</Filter>
    </ClCompile>
    <ClCompile Include="LinkedList.cpp">
      <Filter>Source Files\Listing</Filter>
    </ClCompile>
    <ClCompile Include="DoublyLinkedList.cpp">
      <Filter>Source Files\Listing</Filter>
    </ClCompile>
    <ClCompile Include="BinarySearchTree.cpp">
      <Filter>Source Files\Trees</Filter>
    </ClCompile>
    <ClCompile Include="Heap.cpp">
      <Filter>Source Files\Trees</Filter>
    </ClCompile>
    <ClCompile Include="Trie.cpp">
      <Filter>Source Files\Trees</Filter>
    </ClCompile>
    <ClCompile Include="DepthFirstSearching.cpp">
      <Filter>Source Files\Graph</Filter>
    </ClCompile>
  </ItemGroup>
  <ItemGroup>
    <ClInclude Include="BubbleSort.h">
      <Filter>Header Files\Sorting</Filter>
    </ClInclude>
    <ClInclude Include="SelectionSort.h">
      <Filter>Header Files\Sorting</Filter>
    </ClInclude>
    <ClInclude Include="InsertionSort.h">
      <Filter>Header Files\Sorting</Filter>
    </ClInclude>
    <ClInclude Include="Stack.h">
      <Filter>Header Files\Listing</Filter>
    </ClInclude>
    <ClInclude Include="Queue.h">
      <Filter>Header Files\Listing</Filter>
    </ClInclude>
    <ClInclude Include="Factorial.h">
      <Filter>Header Files\Recursion</Filter>
    </ClInclude>
    <ClInclude Include="Fibonacci.h">
      <Filter>Header Files\Recursion</Filter>
    </ClInclude>
    <ClInclude Include="DirectoryFinder.h">
      <Filter>Header Files\Recursion</Filter>
    </ClInclude>
    <ClInclude Include="MaxNumber.h">
      <Filter>Header Files\Recursion</Filter>
    </ClInclude>
    <ClInclude Include="QuickSort.h">
      <Filter>Header Files\Sorting</Filter>
    </ClInclude>
    <ClInclude Include="QuickSelect.h">
      <Filter>Header Files\Selection</Filter>
    </ClInclude>
    <ClInclude Include="LinkedList.h">
      <Filter>Header Files\Listing</Filter>
    </ClInclude>
    <ClInclude Include="DoublyLinkedList.h">
      <Filter>Header Files\Listing</Filter>
    </ClInclude>
    <ClInclude Include="BinarySearchTree.h">
      <Filter>Header Files\Trees</Filter>
    </ClInclude>
    <ClInclude Include="Heap.h">
      <Filter>Header Files\Trees</Filter>
    </ClInclude>
    <ClInclude Include="Trie.h">
      <Filter>Header Files\Trees</Filter>
    </ClInclude>
    <ClInclude Include="DepthFirstSearching.h">
      <Filter>Header Files</Filter>
    </ClInclude>
  </ItemGroup>
</Project>